// !$*UTF8*$!
{
	archiveVersion = 1;
	classes = {
	};
	objectVersion = 48;
	objects = {

/* Begin PBXBuildFile section */
		12A6012DEED7617A02E37D01 /* Pods_PruebaIntelygenz.framework in Frameworks */ = {isa = PBXBuildFile; fileRef = F157336D9EBFD4F5469F5130 /* Pods_PruebaIntelygenz.framework */; };
		2822E26A20DB990A0055C800 /* AppDelegate.swift in Sources */ = {isa = PBXBuildFile; fileRef = 2822E26920DB990A0055C800 /* AppDelegate.swift */; };
		2822E26C20DB990A0055C800 /* InitialViewController.swift in Sources */ = {isa = PBXBuildFile; fileRef = 2822E26B20DB990A0055C800 /* InitialViewController.swift */; };
		2822E26F20DB990B0055C800 /* Main.storyboard in Resources */ = {isa = PBXBuildFile; fileRef = 2822E26D20DB990B0055C800 /* Main.storyboard */; };
		2822E27220DB990C0055C800 /* PruebaIntelygenz.xcdatamodeld in Sources */ = {isa = PBXBuildFile; fileRef = 2822E27020DB990C0055C800 /* PruebaIntelygenz.xcdatamodeld */; };
		2822E27420DB990C0055C800 /* Assets.xcassets in Resources */ = {isa = PBXBuildFile; fileRef = 2822E27320DB990C0055C800 /* Assets.xcassets */; };
		2822E27720DB990C0055C800 /* LaunchScreen.storyboard in Resources */ = {isa = PBXBuildFile; fileRef = 2822E27520DB990C0055C800 /* LaunchScreen.storyboard */; };
		2822E27F20DBA2100055C800 /* DetailViewController.swift in Sources */ = {isa = PBXBuildFile; fileRef = 2822E27E20DBA2100055C800 /* DetailViewController.swift */; };
		2822E28220DBA6080055C800 /* InitialViewController+CollectionView.swift in Sources */ = {isa = PBXBuildFile; fileRef = 2822E28120DBA6080055C800 /* InitialViewController+CollectionView.swift */; };
		2822E28520DBA6C40055C800 /* RssCell.xib in Resources */ = {isa = PBXBuildFile; fileRef = 2822E28420DBA6C40055C800 /* RssCell.xib */; };
		2822E28720DBA85C0055C800 /* RssCell.swift in Sources */ = {isa = PBXBuildFile; fileRef = 2822E28620DBA85C0055C800 /* RssCell.swift */; };
		2822E28A20DBAFA40055C800 /* LoadAllRssInteractor.swift in Sources */ = {isa = PBXBuildFile; fileRef = 2822E28920DBAFA40055C800 /* LoadAllRssInteractor.swift */; };
		2822E28F20DBB0A20055C800 /* RssModel.swift in Sources */ = {isa = PBXBuildFile; fileRef = 2822E28E20DBB0A20055C800 /* RssModel.swift */; };
		2822E29120DBB36F0055C800 /* ResultRssModel.swift in Sources */ = {isa = PBXBuildFile; fileRef = 2822E29020DBB36F0055C800 /* ResultRssModel.swift */; };
/* End PBXBuildFile section */

/* Begin PBXFileReference section */
		02BDB511B41BCF2EF1A0D6EE /* Pods-PruebaIntelygenz.release.xcconfig */ = {isa = PBXFileReference; includeInIndex = 1; lastKnownFileType = text.xcconfig; name = "Pods-PruebaIntelygenz.release.xcconfig"; path = "Pods/Target Support Files/Pods-PruebaIntelygenz/Pods-PruebaIntelygenz.release.xcconfig"; sourceTree = "<group>"; };
		2822E26620DB990A0055C800 /* PruebaIntelygenz.app */ = {isa = PBXFileReference; explicitFileType = wrapper.application; includeInIndex = 0; path = PruebaIntelygenz.app; sourceTree = BUILT_PRODUCTS_DIR; };
		2822E26920DB990A0055C800 /* AppDelegate.swift */ = {isa = PBXFileReference; lastKnownFileType = sourcecode.swift; path = AppDelegate.swift; sourceTree = "<group>"; };
		2822E26B20DB990A0055C800 /* InitialViewController.swift */ = {isa = PBXFileReference; lastKnownFileType = sourcecode.swift; path = InitialViewController.swift; sourceTree = "<group>"; };
		2822E26E20DB990B0055C800 /* Base */ = {isa = PBXFileReference; lastKnownFileType = file.storyboard; name = Base; path = Base.lproj/Main.storyboard; sourceTree = "<group>"; };
		2822E27120DB990C0055C800 /* PruebaIntelygenz.xcdatamodel */ = {isa = PBXFileReference; lastKnownFileType = wrapper.xcdatamodel; path = PruebaIntelygenz.xcdatamodel; sourceTree = "<group>"; };
		2822E27320DB990C0055C800 /* Assets.xcassets */ = {isa = PBXFileReference; lastKnownFileType = folder.assetcatalog; path = Assets.xcassets; sourceTree = "<group>"; };
		2822E27620DB990C0055C800 /* Base */ = {isa = PBXFileReference; lastKnownFileType = file.storyboard; name = Base; path = Base.lproj/LaunchScreen.storyboard; sourceTree = "<group>"; };
		2822E27820DB990C0055C800 /* Info.plist */ = {isa = PBXFileReference; lastKnownFileType = text.plist.xml; path = Info.plist; sourceTree = "<group>"; };
		2822E27E20DBA2100055C800 /* DetailViewController.swift */ = {isa = PBXFileReference; lastKnownFileType = sourcecode.swift; path = DetailViewController.swift; sourceTree = "<group>"; };
		2822E28120DBA6080055C800 /* InitialViewController+CollectionView.swift */ = {isa = PBXFileReference; lastKnownFileType = sourcecode.swift; path = "InitialViewController+CollectionView.swift"; sourceTree = "<group>"; };
		2822E28420DBA6C40055C800 /* RssCell.xib */ = {isa = PBXFileReference; lastKnownFileType = file.xib; path = RssCell.xib; sourceTree = "<group>"; };
		2822E28620DBA85C0055C800 /* RssCell.swift */ = {isa = PBXFileReference; lastKnownFileType = sourcecode.swift; path = RssCell.swift; sourceTree = "<group>"; };
		2822E28920DBAFA40055C800 /* LoadAllRssInteractor.swift */ = {isa = PBXFileReference; lastKnownFileType = sourcecode.swift; path = LoadAllRssInteractor.swift; sourceTree = "<group>"; };
		2822E28E20DBB0A20055C800 /* RssModel.swift */ = {isa = PBXFileReference; lastKnownFileType = sourcecode.swift; path = RssModel.swift; sourceTree = "<group>"; };
		2822E29020DBB36F0055C800 /* ResultRssModel.swift */ = {isa = PBXFileReference; lastKnownFileType = sourcecode.swift; path = ResultRssModel.swift; sourceTree = "<group>"; };
		7D34C0DAB23DE983B2D0F602 /* Pods-PruebaIntelygenz.debug.xcconfig */ = {isa = PBXFileReference; includeInIndex = 1; lastKnownFileType = text.xcconfig; name = "Pods-PruebaIntelygenz.debug.xcconfig"; path = "Pods/Target Support Files/Pods-PruebaIntelygenz/Pods-PruebaIntelygenz.debug.xcconfig"; sourceTree = "<group>"; };
		F157336D9EBFD4F5469F5130 /* Pods_PruebaIntelygenz.framework */ = {isa = PBXFileReference; explicitFileType = wrapper.framework; includeInIndex = 0; path = Pods_PruebaIntelygenz.framework; sourceTree = BUILT_PRODUCTS_DIR; };
/* End PBXFileReference section */

/* Begin PBXFrameworksBuildPhase section */
		2822E26320DB99090055C800 /* Frameworks */ = {
			isa = PBXFrameworksBuildPhase;
			buildActionMask = 2147483647;
			files = (
				12A6012DEED7617A02E37D01 /* Pods_PruebaIntelygenz.framework in Frameworks */,
			);
			runOnlyForDeploymentPostprocessing = 0;
		};
/* End PBXFrameworksBuildPhase section */

/* Begin PBXGroup section */
		2822E25D20DB99030055C800 = {
			isa = PBXGroup;
			children = (
				2822E26820DB990A0055C800 /* PruebaIntelygenz */,
				2822E26720DB990A0055C800 /* Products */,
				D6F350ED0F32CEC79E7143AD /* Pods */,
				AB7AD011E3FBD419A89E0125 /* Frameworks */,
			);
			sourceTree = "<group>";
		};
		2822E26720DB990A0055C800 /* Products */ = {
			isa = PBXGroup;
			children = (
				2822E26620DB990A0055C800 /* PruebaIntelygenz.app */,
			);
			name = Products;
			sourceTree = "<group>";
		};
		2822E26820DB990A0055C800 /* PruebaIntelygenz */ = {
			isa = PBXGroup;
			children = (
				2822E28D20DBB0760055C800 /* Models */,
				2822E28820DBAF850055C800 /* Interactors */,
				2822E28320DBA66F0055C800 /* Views */,
				2822E28020DBA5E10055C800 /* Controllers */,
				2822E26920DB990A0055C800 /* AppDelegate.swift */,
				2822E26D20DB990B0055C800 /* Main.storyboard */,
				2822E27320DB990C0055C800 /* Assets.xcassets */,
				2822E27520DB990C0055C800 /* LaunchScreen.storyboard */,
				2822E27820DB990C0055C800 /* Info.plist */,
				2822E27020DB990C0055C800 /* PruebaIntelygenz.xcdatamodeld */,
			);
			path = PruebaIntelygenz;
			sourceTree = "<group>";
		};
		2822E28020DBA5E10055C800 /* Controllers */ = {
			isa = PBXGroup;
			children = (
				2822E27E20DBA2100055C800 /* DetailViewController.swift */,
				2822E26B20DB990A0055C800 /* InitialViewController.swift */,
				2822E28120DBA6080055C800 /* InitialViewController+CollectionView.swift */,
			);
			path = Controllers;
			sourceTree = "<group>";
		};
		2822E28320DBA66F0055C800 /* Views */ = {
			isa = PBXGroup;
			children = (
				2822E28420DBA6C40055C800 /* RssCell.xib */,
				2822E28620DBA85C0055C800 /* RssCell.swift */,
			);
			path = Views;
			sourceTree = "<group>";
		};
		2822E28820DBAF850055C800 /* Interactors */ = {
			isa = PBXGroup;
			children = (
				2822E28B20DBB02C0055C800 /* LoadAllRss */,
			);
			path = Interactors;
			sourceTree = "<group>";
		};
		2822E28B20DBB02C0055C800 /* LoadAllRss */ = {
			isa = PBXGroup;
			children = (
				2822E28920DBAFA40055C800 /* LoadAllRssInteractor.swift */,
			);
			path = LoadAllRss;
			sourceTree = "<group>";
		};
		2822E28D20DBB0760055C800 /* Models */ = {
			isa = PBXGroup;
			children = (
				2822E28E20DBB0A20055C800 /* RssModel.swift */,
				2822E29020DBB36F0055C800 /* ResultRssModel.swift */,
			);
			path = Models;
			sourceTree = "<group>";
		};
		AB7AD011E3FBD419A89E0125 /* Frameworks */ = {
			isa = PBXGroup;
			children = (
				F157336D9EBFD4F5469F5130 /* Pods_PruebaIntelygenz.framework */,
			);
			name = Frameworks;
			sourceTree = "<group>";
		};
		D6F350ED0F32CEC79E7143AD /* Pods */ = {
			isa = PBXGroup;
			children = (
				7D34C0DAB23DE983B2D0F602 /* Pods-PruebaIntelygenz.debug.xcconfig */,
				02BDB511B41BCF2EF1A0D6EE /* Pods-PruebaIntelygenz.release.xcconfig */,
			);
			name = Pods;
			sourceTree = "<group>";
		};
/* End PBXGroup section */

/* Begin PBXNativeTarget section */
		2822E26520DB99090055C800 /* PruebaIntelygenz */ = {
			isa = PBXNativeTarget;
			buildConfigurationList = 2822E27B20DB990D0055C800 /* Build configuration list for PBXNativeTarget "PruebaIntelygenz" */;
			buildPhases = (
				263EF725B1F7F1D9A3339692 /* [CP] Check Pods Manifest.lock */,
				2822E26220DB99090055C800 /* Sources */,
				2822E26320DB99090055C800 /* Frameworks */,
				2822E26420DB99090055C800 /* Resources */,
				2FF01C61A2687D3276AF602A /* [CP] Embed Pods Frameworks */,
				DA574687B44EC8C227272C86 /* [CP] Copy Pods Resources */,
			);
			buildRules = (
			);
			dependencies = (
			);
			name = PruebaIntelygenz;
			productName = PruebaIntelygenz;
			productReference = 2822E26620DB990A0055C800 /* PruebaIntelygenz.app */;
			productType = "com.apple.product-type.application";
		};
/* End PBXNativeTarget section */

/* Begin PBXProject section */
		2822E25E20DB99030055C800 /* Project object */ = {
			isa = PBXProject;
			attributes = {
				LastSwiftUpdateCheck = 0920;
				LastUpgradeCheck = 0920;
				ORGANIZATIONNAME = "Carlos Ledesma";
				TargetAttributes = {
					2822E26520DB99090055C800 = {
						CreatedOnToolsVersion = 9.2;
						ProvisioningStyle = Automatic;
					};
				};
			};
			buildConfigurationList = 2822E26120DB99060055C800 /* Build configuration list for PBXProject "PruebaIntelygenz" */;
			compatibilityVersion = "Xcode 8.0";
			developmentRegion = en;
			hasScannedForEncodings = 0;
			knownRegions = (
				en,
				Base,
			);
			mainGroup = 2822E25D20DB99030055C800;
			productRefGroup = 2822E26720DB990A0055C800 /* Products */;
			projectDirPath = "";
			projectRoot = "";
			targets = (
				2822E26520DB99090055C800 /* PruebaIntelygenz */,
			);
		};
/* End PBXProject section */

/* Begin PBXResourcesBuildPhase section */
		2822E26420DB99090055C800 /* Resources */ = {
			isa = PBXResourcesBuildPhase;
			buildActionMask = 2147483647;
			files = (
				2822E28520DBA6C40055C800 /* RssCell.xib in Resources */,
				2822E27720DB990C0055C800 /* LaunchScreen.storyboard in Resources */,
				2822E27420DB990C0055C800 /* Assets.xcassets in Resources */,
				2822E26F20DB990B0055C800 /* Main.storyboard in Resources */,
			);
			runOnlyForDeploymentPostprocessing = 0;
		};
/* End PBXResourcesBuildPhase section */

/* Begin PBXShellScriptBuildPhase section */
		263EF725B1F7F1D9A3339692 /* [CP] Check Pods Manifest.lock */ = {
			isa = PBXShellScriptBuildPhase;
			buildActionMask = 2147483647;
			files = (
			);
			inputPaths = (
				"${PODS_PODFILE_DIR_PATH}/Podfile.lock",
				"${PODS_ROOT}/Manifest.lock",
			);
			name = "[CP] Check Pods Manifest.lock";
			outputPaths = (
				"$(DERIVED_FILE_DIR)/Pods-PruebaIntelygenz-checkManifestLockResult.txt",
			);
			runOnlyForDeploymentPostprocessing = 0;
			shellPath = /bin/sh;
			shellScript = "diff \"${PODS_PODFILE_DIR_PATH}/Podfile.lock\" \"${PODS_ROOT}/Manifest.lock\" > /dev/null\nif [ $? != 0 ] ; then\n    # print error to STDERR\n    echo \"error: The sandbox is not in sync with the Podfile.lock. Run 'pod install' or update your CocoaPods installation.\" >&2\n    exit 1\nfi\n# This output is used by Xcode 'outputs' to avoid re-running this script phase.\necho \"SUCCESS\" > \"${SCRIPT_OUTPUT_FILE_0}\"\n";
			showEnvVarsInLog = 0;
		};
		2FF01C61A2687D3276AF602A /* [CP] Embed Pods Frameworks */ = {
			isa = PBXShellScriptBuildPhase;
			buildActionMask = 2147483647;
			files = (
			);
			inputPaths = (
				"${SRCROOT}/Pods/Target Support Files/Pods-PruebaIntelygenz/Pods-PruebaIntelygenz-frameworks.sh",
				"${BUILT_PRODUCTS_DIR}/Kingfisher/Kingfisher.framework",
			);
			name = "[CP] Embed Pods Frameworks";
			outputPaths = (
				"${TARGET_BUILD_DIR}/${FRAMEWORKS_FOLDER_PATH}/Kingfisher.framework",
			);
			runOnlyForDeploymentPostprocessing = 0;
			shellPath = /bin/sh;
			shellScript = "\"${SRCROOT}/Pods/Target Support Files/Pods-PruebaIntelygenz/Pods-PruebaIntelygenz-frameworks.sh\"\n";
			showEnvVarsInLog = 0;
		};
		DA574687B44EC8C227272C86 /* [CP] Copy Pods Resources */ = {
			isa = PBXShellScriptBuildPhase;
			buildActionMask = 2147483647;
			files = (
			);
			inputPaths = (
			);
			name = "[CP] Copy Pods Resources";
			outputPaths = (
			);
			runOnlyForDeploymentPostprocessing = 0;
			shellPath = /bin/sh;
			shellScript = "\"${SRCROOT}/Pods/Target Support Files/Pods-PruebaIntelygenz/Pods-PruebaIntelygenz-resources.sh\"\n";
			showEnvVarsInLog = 0;
		};
/* End PBXShellScriptBuildPhase section */

/* Begin PBXSourcesBuildPhase section */
		2822E26220DB99090055C800 /* Sources */ = {
			isa = PBXSourcesBuildPhase;
			buildActionMask = 2147483647;
			files = (
				2822E26C20DB990A0055C800 /* InitialViewController.swift in Sources */,
				2822E29120DBB36F0055C800 /* ResultRssModel.swift in Sources */,
				2822E27220DB990C0055C800 /* PruebaIntelygenz.xcdatamodeld in Sources */,
				2822E28F20DBB0A20055C800 /* RssModel.swift in Sources */,
				2822E28720DBA85C0055C800 /* RssCell.swift in Sources */,
				2822E26A20DB990A0055C800 /* AppDelegate.swift in Sources */,
				2822E28220DBA6080055C800 /* InitialViewController+CollectionView.swift in Sources */,
				2822E27F20DBA2100055C800 /* DetailViewController.swift in Sources */,
				2822E28A20DBAFA40055C800 /* LoadAllRssInteractor.swift in Sources */,
			);
			runOnlyForDeploymentPostprocessing = 0;
		};
/* End PBXSourcesBuildPhase section */

/* Begin PBXVariantGroup section */
		2822E26D20DB990B0055C800 /* Main.storyboard */ = {
			isa = PBXVariantGroup;
			children = (
				2822E26E20DB990B0055C800 /* Base */,
			);
			name = Main.storyboard;
			sourceTree = "<group>";
		};
		2822E27520DB990C0055C800 /* LaunchScreen.storyboard */ = {
			isa = PBXVariantGroup;
			children = (
				2822E27620DB990C0055C800 /* Base */,
			);
			name = LaunchScreen.storyboard;
			sourceTree = "<group>";
		};
/* End PBXVariantGroup section */

/* Begin XCBuildConfiguration section */
		2822E27920DB990D0055C800 /* Debug */ = {
			isa = XCBuildConfiguration;
			buildSettings = {
				ALWAYS_SEARCH_USER_PATHS = NO;
				CLANG_ANALYZER_NONNULL = YES;
				CLANG_ANALYZER_NUMBER_OBJECT_CONVERSION = YES_AGGRESSIVE;
				CLANG_CXX_LANGUAGE_STANDARD = "gnu++14";
				CLANG_CXX_LIBRARY = "libc++";
				CLANG_ENABLE_MODULES = YES;
				CLANG_ENABLE_OBJC_ARC = YES;
				CLANG_WARN_BLOCK_CAPTURE_AUTORELEASING = YES;
				CLANG_WARN_BOOL_CONVERSION = YES;
				CLANG_WARN_COMMA = YES;
				CLANG_WARN_CONSTANT_CONVERSION = YES;
				CLANG_WARN_DIRECT_OBJC_ISA_USAGE = YES_ERROR;
				CLANG_WARN_DOCUMENTATION_COMMENTS = YES;
				CLANG_WARN_EMPTY_BODY = YES;
				CLANG_WARN_ENUM_CONVERSION = YES;
				CLANG_WARN_INFINITE_RECURSION = YES;
				CLANG_WARN_INT_CONVERSION = YES;
				CLANG_WARN_NON_LITERAL_NULL_CONVERSION = YES;
				CLANG_WARN_OBJC_LITERAL_CONVERSION = YES;
				CLANG_WARN_OBJC_ROOT_CLASS = YES_ERROR;
				CLANG_WARN_RANGE_LOOP_ANALYSIS = YES;
				CLANG_WARN_STRICT_PROTOTYPES = YES;
				CLANG_WARN_SUSPICIOUS_MOVE = YES;
				CLANG_WARN_UNGUARDED_AVAILABILITY = YES_AGGRESSIVE;
				CLANG_WARN_UNREACHABLE_CODE = YES;
				CLANG_WARN__DUPLICATE_METHOD_MATCH = YES;
				CODE_SIGN_IDENTITY = "iPhone Developer";
				COPY_PHASE_STRIP = NO;
				DEBUG_INFORMATION_FORMAT = dwarf;
				ENABLE_STRICT_OBJC_MSGSEND = YES;
				ENABLE_TESTABILITY = YES;
				GCC_C_LANGUAGE_STANDARD = gnu11;
				GCC_DYNAMIC_NO_PIC = NO;
				GCC_NO_COMMON_BLOCKS = YES;
				GCC_OPTIMIZATION_LEVEL = 0;
				GCC_PREPROCESSOR_DEFINITIONS = (
					"DEBUG=1",
					"$(inherited)",
				);
				GCC_WARN_64_TO_32_BIT_CONVERSION = YES;
				GCC_WARN_ABOUT_RETURN_TYPE = YES_ERROR;
				GCC_WARN_UNDECLARED_SELECTOR = YES;
				GCC_WARN_UNINITIALIZED_AUTOS = YES_AGGRESSIVE;
				GCC_WARN_UNUSED_FUNCTION = YES;
				GCC_WARN_UNUSED_VARIABLE = YES;
				IPHONEOS_DEPLOYMENT_TARGET = 11.2;
				MTL_ENABLE_DEBUG_INFO = YES;
				ONLY_ACTIVE_ARCH = YES;
				SDKROOT = iphoneos;
				SWIFT_ACTIVE_COMPILATION_CONDITIONS = DEBUG;
				SWIFT_OPTIMIZATION_LEVEL = "-Onone";
			};
			name = Debug;
		};
		2822E27A20DB990D0055C800 /* Release */ = {
			isa = XCBuildConfiguration;
			buildSettings = {
				ALWAYS_SEARCH_USER_PATHS = NO;
				CLANG_ANALYZER_NONNULL = YES;
				CLANG_ANALYZER_NUMBER_OBJECT_CONVERSION = YES_AGGRESSIVE;
				CLANG_CXX_LANGUAGE_STANDARD = "gnu++14";
				CLANG_CXX_LIBRARY = "libc++";
				CLANG_ENABLE_MODULES = YES;
				CLANG_ENABLE_OBJC_ARC = YES;
				CLANG_WARN_BLOCK_CAPTURE_AUTORELEASING = YES;
				CLANG_WARN_BOOL_CONVERSION = YES;
				CLANG_WARN_COMMA = YES;
				CLANG_WARN_CONSTANT_CONVERSION = YES;
				CLANG_WARN_DIRECT_OBJC_ISA_USAGE = YES_ERROR;
				CLANG_WARN_DOCUMENTATION_COMMENTS = YES;
				CLANG_WARN_EMPTY_BODY = YES;
				CLANG_WARN_ENUM_CONVERSION = YES;
				CLANG_WARN_INFINITE_RECURSION = YES;
				CLANG_WARN_INT_CONVERSION = YES;
				CLANG_WARN_NON_LITERAL_NULL_CONVERSION = YES;
				CLANG_WARN_OBJC_LITERAL_CONVERSION = YES;
				CLANG_WARN_OBJC_ROOT_CLASS = YES_ERROR;
				CLANG_WARN_RANGE_LOOP_ANALYSIS = YES;
				CLANG_WARN_STRICT_PROTOTYPES = YES;
				CLANG_WARN_SUSPICIOUS_MOVE = YES;
				CLANG_WARN_UNGUARDED_AVAILABILITY = YES_AGGRESSIVE;
				CLANG_WARN_UNREACHABLE_CODE = YES;
				CLANG_WARN__DUPLICATE_METHOD_MATCH = YES;
				CODE_SIGN_IDENTITY = "iPhone Developer";
				COPY_PHASE_STRIP = NO;
				DEBUG_INFORMATION_FORMAT = "dwarf-with-dsym";
				ENABLE_NS_ASSERTIONS = NO;
				ENABLE_STRICT_OBJC_MSGSEND = YES;
				GCC_C_LANGUAGE_STANDARD = gnu11;
				GCC_NO_COMMON_BLOCKS = YES;
				GCC_WARN_64_TO_32_BIT_CONVERSION = YES;
				GCC_WARN_ABOUT_RETURN_TYPE = YES_ERROR;
				GCC_WARN_UNDECLARED_SELECTOR = YES;
				GCC_WARN_UNINITIALIZED_AUTOS = YES_AGGRESSIVE;
				GCC_WARN_UNUSED_FUNCTION = YES;
				GCC_WARN_UNUSED_VARIABLE = YES;
				IPHONEOS_DEPLOYMENT_TARGET = 11.2;
				MTL_ENABLE_DEBUG_INFO = NO;
				SDKROOT = iphoneos;
				SWIFT_OPTIMIZATION_LEVEL = "-Owholemodule";
				VALIDATE_PRODUCT = YES;
			};
			name = Release;
		};
		2822E27C20DB990D0055C800 /* Debug */ = {
			isa = XCBuildConfiguration;
			baseConfigurationReference = 7D34C0DAB23DE983B2D0F602 /* Pods-PruebaIntelygenz.debug.xcconfig */;
			buildSettings = {
				ASSETCATALOG_COMPILER_APPICON_NAME = AppIcon;
				CODE_SIGN_STYLE = Automatic;
				DEVELOPMENT_TEAM = 7MS6HQ5AL2;
				INFOPLIST_FILE = PruebaIntelygenz/Info.plist;
				LD_RUNPATH_SEARCH_PATHS = "$(inherited) @executable_path/Frameworks";
				PRODUCT_BUNDLE_IDENTIFIER = clc.PruebaIntelygenz;
				PRODUCT_NAME = "$(TARGET_NAME)";
				SWIFT_VERSION = 4.0;
				TARGETED_DEVICE_FAMILY = "1,2";
			};
			name = Debug;
		};
		2822E27D20DB990D0055C800 /* Release */ = {
			isa = XCBuildConfiguration;
			baseConfigurationReference = 02BDB511B41BCF2EF1A0D6EE /* Pods-PruebaIntelygenz.release.xcconfig */;
			buildSettings = {
				ASSETCATALOG_COMPILER_APPICON_NAME = AppIcon;
				CODE_SIGN_STYLE = Automatic;
				DEVELOPMENT_TEAM = 7MS6HQ5AL2;
				INFOPLIST_FILE = PruebaIntelygenz/Info.plist;
				LD_RUNPATH_SEARCH_PATHS = "$(inherited) @executable_path/Frameworks";
				PRODUCT_BUNDLE_IDENTIFIER = clc.PruebaIntelygenz;
				PRODUCT_NAME = "$(TARGET_NAME)";
				SWIFT_VERSION = 4.0;
				TARGETED_DEVICE_FAMILY = "1,2";
			};
			name = Release;
		};
/* End XCBuildConfiguration section */

/* Begin XCConfigurationList section */
		2822E26120DB99060055C800 /* Build configuration list for PBXProject "PruebaIntelygenz" */ = {
			isa = XCConfigurationList;
			buildConfigurations = (
				2822E27920DB990D0055C800 /* Debug */,
				2822E27A20DB990D0055C800 /* Release */,
			);
			defaultConfigurationIsVisible = 0;
			defaultConfigurationName = Release;
		};
		2822E27B20DB990D0055C800 /* Build configuration list for PBXNativeTarget "PruebaIntelygenz" */ = {
			isa = XCConfigurationList;
			buildConfigurations = (
				2822E27C20DB990D0055C800 /* Debug */,
				2822E27D20DB990D0055C800 /* Release */,
			);
			defaultConfigurationIsVisible = 0;
			defaultConfigurationName = Release;
		};
/* End XCConfigurationList section */

/* Begin XCVersionGroup section */
		2822E27020DB990C0055C800 /* PruebaIntelygenz.xcdatamodeld */ = {
			isa = XCVersionGroup;
			children = (
				2822E27120DB990C0055C800 /* PruebaIntelygenz.xcdatamodel */,
			);
			currentVersion = 2822E27120DB990C0055C800 /* PruebaIntelygenz.xcdatamodel */;
			path = PruebaIntelygenz.xcdatamodeld;
			sourceTree = "<group>";
			versionGroupType = wrapper.xcdatamodel;
		};
/* End XCVersionGroup section */
	};
	rootObject = 2822E25E20DB99030055C800 /* Project object */;
}
